// !$*UTF8*$!
{
	archiveVersion = 1;
	classes = {
	};
	objectVersion = 50;
	objects = {

/* Begin PBXBuildFile section */
		CC24DDE6286D2FD600B5B2BE /* APIHandlerService.swift in Sources */ = {isa = PBXBuildFile; fileRef = CC24DDE5286D2FD600B5B2BE /* APIHandlerService.swift */; };
		CC24DDEB286D302800B5B2BE /* ResponseHandlerService.swift in Sources */ = {isa = PBXBuildFile; fileRef = CC24DDEA286D302800B5B2BE /* ResponseHandlerService.swift */; };
		CC24DDF3286D30B800B5B2BE /* NetworkManagerTest.swift in Sources */ = {isa = PBXBuildFile; fileRef = CC24DDF2286D30B800B5B2BE /* NetworkManagerTest.swift */; };
		CC24DDFD286D39A800B5B2BE /* NewsListRequestModelTest.swift in Sources */ = {isa = PBXBuildFile; fileRef = CC24DDFC286D39A800B5B2BE /* NewsListRequestModelTest.swift */; };
		CC24DE08286D3D1000B5B2BE /* NewsListJsonData.json in Resources */ = {isa = PBXBuildFile; fileRef = CC24DE07286D3D1000B5B2BE /* NewsListJsonData.json */; };
		CC24DE13286D3D9200B5B2BE /* NewsListResponseHandlerTest.swift in Sources */ = {isa = PBXBuildFile; fileRef = CC24DE12286D3D9200B5B2BE /* NewsListResponseHandlerTest.swift */; };
		CC24DE21286D44C300B5B2BE /* NewsListViewModelTest.swift in Sources */ = {isa = PBXBuildFile; fileRef = CC24DE20286D44C300B5B2BE /* NewsListViewModelTest.swift */; };
		CC24DE26286D451A00B5B2BE /* NewsListServiceManager.swift in Sources */ = {isa = PBXBuildFile; fileRef = CC24DE25286D451A00B5B2BE /* NewsListServiceManager.swift */; };
		CC24DE2B286D4A1100B5B2BE /* ArticleDetailViewModelTest.swift in Sources */ = {isa = PBXBuildFile; fileRef = CC24DE2A286D4A1100B5B2BE /* ArticleDetailViewModelTest.swift */; };
		CCF179ED286C6D6400D9FE29 /* AppDelegate.swift in Sources */ = {isa = PBXBuildFile; fileRef = CCF179EC286C6D6400D9FE29 /* AppDelegate.swift */; };
		CCF179EF286C6D6400D9FE29 /* SceneDelegate.swift in Sources */ = {isa = PBXBuildFile; fileRef = CCF179EE286C6D6400D9FE29 /* SceneDelegate.swift */; };
		CCF179F6286C6D6A00D9FE29 /* Assets.xcassets in Resources */ = {isa = PBXBuildFile; fileRef = CCF179F5286C6D6A00D9FE29 /* Assets.xcassets */; };
		CCF179F9286C6D6A00D9FE29 /* LaunchScreen.storyboard in Resources */ = {isa = PBXBuildFile; fileRef = CCF179F7286C6D6A00D9FE29 /* LaunchScreen.storyboard */; };
		CCF17A04286C6D6A00D9FE29 /* New_York_TimesTests.swift in Sources */ = {isa = PBXBuildFile; fileRef = CCF17A03286C6D6A00D9FE29 /* New_York_TimesTests.swift */; };
		CCF17A0F286C6D6A00D9FE29 /* New_York_TimesUITests.swift in Sources */ = {isa = PBXBuildFile; fileRef = CCF17A0E286C6D6A00D9FE29 /* New_York_TimesUITests.swift */; };
		CCF17A48286C711300D9FE29 /* RequestModel.swift in Sources */ = {isa = PBXBuildFile; fileRef = CCF17A47286C711200D9FE29 /* RequestModel.swift */; };
		CCF17A56286C720500D9FE29 /* ErrorModel.swift in Sources */ = {isa = PBXBuildFile; fileRef = CCF17A55286C720500D9FE29 /* ErrorModel.swift */; };
		CCF17A5E286C72AE00D9FE29 /* String+Extension.swift in Sources */ = {isa = PBXBuildFile; fileRef = CCF17A5D286C72AE00D9FE29 /* String+Extension.swift */; };
		CCF17A66286C73B800D9FE29 /* StoryBoard+Extension.swift in Sources */ = {isa = PBXBuildFile; fileRef = CCF17A65286C73B800D9FE29 /* StoryBoard+Extension.swift */; };
		CCF17A6B286C746900D9FE29 /* Constants.swift in Sources */ = {isa = PBXBuildFile; fileRef = CCF17A6A286C746900D9FE29 /* Constants.swift */; };
		CCF17A70286C74A900D9FE29 /* API.swift in Sources */ = {isa = PBXBuildFile; fileRef = CCF17A6F286C74A900D9FE29 /* API.swift */; };
		CCF17A7A286C840C00D9FE29 /* NetworkManager.swift in Sources */ = {isa = PBXBuildFile; fileRef = CCF17A79286C840C00D9FE29 /* NetworkManager.swift */; };
		CCF17A7F286C844700D9FE29 /* APIHandler.swift in Sources */ = {isa = PBXBuildFile; fileRef = CCF17A7E286C844700D9FE29 /* APIHandler.swift */; };
		CCF17A84286C847500D9FE29 /* ResponseHandler.swift in Sources */ = {isa = PBXBuildFile; fileRef = CCF17A83286C847500D9FE29 /* ResponseHandler.swift */; };
		CCF17A89286C873600D9FE29 /* NewsServiceManager.swift in Sources */ = {isa = PBXBuildFile; fileRef = CCF17A88286C873600D9FE29 /* NewsServiceManager.swift */; };
		CCF17A8E286C8ACE00D9FE29 /* NewsListRequestModel.swift in Sources */ = {isa = PBXBuildFile; fileRef = CCF17A8D286C8ACE00D9FE29 /* NewsListRequestModel.swift */; };
		CCF17A93286C8BCF00D9FE29 /* NewsList.swift in Sources */ = {isa = PBXBuildFile; fileRef = CCF17A92286C8BCF00D9FE29 /* NewsList.swift */; };
		CCF17A9E286C8FBA00D9FE29 /* NewsListingViewModel.swift in Sources */ = {isa = PBXBuildFile; fileRef = CCF17A9D286C8FBA00D9FE29 /* NewsListingViewModel.swift */; };
		CCF17AA3286C8FFC00D9FE29 /* BaseViewModel.swift in Sources */ = {isa = PBXBuildFile; fileRef = CCF17AA2286C8FFC00D9FE29 /* BaseViewModel.swift */; };
		CCF17ABA286C92A800D9FE29 /* NewsListingViewController.swift in Sources */ = {isa = PBXBuildFile; fileRef = CCF17AB9286C92A800D9FE29 /* NewsListingViewController.swift */; };
		CCF17ABF286C92F200D9FE29 /* Main.storyboard in Resources */ = {isa = PBXBuildFile; fileRef = CCF17ABE286C92F200D9FE29 /* Main.storyboard */; };
		CCF17AC8286CA73600D9FE29 /* Bindable.swift in Sources */ = {isa = PBXBuildFile; fileRef = CCF17AC7286CA73600D9FE29 /* Bindable.swift */; };
		CCF17AD0286CADFE00D9FE29 /* UIViewController+Extension.swift in Sources */ = {isa = PBXBuildFile; fileRef = CCF17ACF286CADFE00D9FE29 /* UIViewController+Extension.swift */; };
		CCF17AD5286CB49400D9FE29 /* NewsArticleCell.xib in Resources */ = {isa = PBXBuildFile; fileRef = CCF17AD4286CB49400D9FE29 /* NewsArticleCell.xib */; };
		CCF17ADA286CB4CF00D9FE29 /* NewsArticleCell.swift in Sources */ = {isa = PBXBuildFile; fileRef = CCF17AD9286CB4CF00D9FE29 /* NewsArticleCell.swift */; };
		CCF17ADF286CBB1F00D9FE29 /* UIImageView+Extension.swift in Sources */ = {isa = PBXBuildFile; fileRef = CCF17ADE286CBB1F00D9FE29 /* UIImageView+Extension.swift */; };
		CCF17AE7286CCC3C00D9FE29 /* ArticleDetailViewController.swift in Sources */ = {isa = PBXBuildFile; fileRef = CCF17AE6286CCC3C00D9FE29 /* ArticleDetailViewController.swift */; };
		CCF17AEC286CCCCA00D9FE29 /* ArticleDetailViewModel.swift in Sources */ = {isa = PBXBuildFile; fileRef = CCF17AEB286CCCCA00D9FE29 /* ArticleDetailViewModel.swift */; };
/* End PBXBuildFile section */

/* Begin PBXContainerItemProxy section */
		CCF17A00286C6D6A00D9FE29 /* PBXContainerItemProxy */ = {
			isa = PBXContainerItemProxy;
			containerPortal = CCF179E1286C6D6400D9FE29 /* Project object */;
			proxyType = 1;
			remoteGlobalIDString = CCF179E8286C6D6400D9FE29;
			remoteInfo = "New York Times";
		};
		CCF17A0B286C6D6A00D9FE29 /* PBXContainerItemProxy */ = {
			isa = PBXContainerItemProxy;
			containerPortal = CCF179E1286C6D6400D9FE29 /* Project object */;
			proxyType = 1;
			remoteGlobalIDString = CCF179E8286C6D6400D9FE29;
			remoteInfo = "New York Times";
		};
/* End PBXContainerItemProxy section */

/* Begin PBXFileReference section */
		CC24DDE5286D2FD600B5B2BE /* APIHandlerService.swift */ = {isa = PBXFileReference; lastKnownFileType = sourcecode.swift; path = APIHandlerService.swift; sourceTree = "<group>"; };
		CC24DDEA286D302800B5B2BE /* ResponseHandlerService.swift */ = {isa = PBXFileReference; lastKnownFileType = sourcecode.swift; path = ResponseHandlerService.swift; sourceTree = "<group>"; };
		CC24DDF2286D30B800B5B2BE /* NetworkManagerTest.swift */ = {isa = PBXFileReference; lastKnownFileType = sourcecode.swift; path = NetworkManagerTest.swift; sourceTree = "<group>"; };
		CC24DDFC286D39A800B5B2BE /* NewsListRequestModelTest.swift */ = {isa = PBXFileReference; lastKnownFileType = sourcecode.swift; path = NewsListRequestModelTest.swift; sourceTree = "<group>"; };
		CC24DE07286D3D1000B5B2BE /* NewsListJsonData.json */ = {isa = PBXFileReference; lastKnownFileType = text.json; path = NewsListJsonData.json; sourceTree = "<group>"; xcLanguageSpecificationIdentifier = xcode.lang.json; };
		CC24DE12286D3D9200B5B2BE /* NewsListResponseHandlerTest.swift */ = {isa = PBXFileReference; lastKnownFileType = sourcecode.swift; path = NewsListResponseHandlerTest.swift; sourceTree = "<group>"; };
		CC24DE20286D44C300B5B2BE /* NewsListViewModelTest.swift */ = {isa = PBXFileReference; lastKnownFileType = sourcecode.swift; path = NewsListViewModelTest.swift; sourceTree = "<group>"; };
		CC24DE25286D451A00B5B2BE /* NewsListServiceManager.swift */ = {isa = PBXFileReference; lastKnownFileType = sourcecode.swift; path = NewsListServiceManager.swift; sourceTree = "<group>"; };
		CC24DE2A286D4A1100B5B2BE /* ArticleDetailViewModelTest.swift */ = {isa = PBXFileReference; lastKnownFileType = sourcecode.swift; path = ArticleDetailViewModelTest.swift; sourceTree = "<group>"; };
		CCF179E9286C6D6400D9FE29 /* New York Times.app */ = {isa = PBXFileReference; explicitFileType = wrapper.application; includeInIndex = 0; path = "New York Times.app"; sourceTree = BUILT_PRODUCTS_DIR; };
		CCF179EC286C6D6400D9FE29 /* AppDelegate.swift */ = {isa = PBXFileReference; lastKnownFileType = sourcecode.swift; path = AppDelegate.swift; sourceTree = "<group>"; };
		CCF179EE286C6D6400D9FE29 /* SceneDelegate.swift */ = {isa = PBXFileReference; lastKnownFileType = sourcecode.swift; path = SceneDelegate.swift; sourceTree = "<group>"; };
		CCF179F5286C6D6A00D9FE29 /* Assets.xcassets */ = {isa = PBXFileReference; lastKnownFileType = folder.assetcatalog; path = Assets.xcassets; sourceTree = "<group>"; };
		CCF179F8286C6D6A00D9FE29 /* Base */ = {isa = PBXFileReference; lastKnownFileType = file.storyboard; name = Base; path = Base.lproj/LaunchScreen.storyboard; sourceTree = "<group>"; };
		CCF179FA286C6D6A00D9FE29 /* Info.plist */ = {isa = PBXFileReference; lastKnownFileType = text.plist.xml; path = Info.plist; sourceTree = "<group>"; };
		CCF179FF286C6D6A00D9FE29 /* New York TimesTests.xctest */ = {isa = PBXFileReference; explicitFileType = wrapper.cfbundle; includeInIndex = 0; path = "New York TimesTests.xctest"; sourceTree = BUILT_PRODUCTS_DIR; };
		CCF17A03286C6D6A00D9FE29 /* New_York_TimesTests.swift */ = {isa = PBXFileReference; lastKnownFileType = sourcecode.swift; path = New_York_TimesTests.swift; sourceTree = "<group>"; };
		CCF17A05286C6D6A00D9FE29 /* Info.plist */ = {isa = PBXFileReference; lastKnownFileType = text.plist.xml; path = Info.plist; sourceTree = "<group>"; };
		CCF17A0A286C6D6A00D9FE29 /* New York TimesUITests.xctest */ = {isa = PBXFileReference; explicitFileType = wrapper.cfbundle; includeInIndex = 0; path = "New York TimesUITests.xctest"; sourceTree = BUILT_PRODUCTS_DIR; };
		CCF17A0E286C6D6A00D9FE29 /* New_York_TimesUITests.swift */ = {isa = PBXFileReference; lastKnownFileType = sourcecode.swift; path = New_York_TimesUITests.swift; sourceTree = "<group>"; };
		CCF17A10286C6D6A00D9FE29 /* Info.plist */ = {isa = PBXFileReference; lastKnownFileType = text.plist.xml; path = Info.plist; sourceTree = "<group>"; };
		CCF17A47286C711200D9FE29 /* RequestModel.swift */ = {isa = PBXFileReference; lastKnownFileType = sourcecode.swift; path = RequestModel.swift; sourceTree = "<group>"; };
		CCF17A55286C720500D9FE29 /* ErrorModel.swift */ = {isa = PBXFileReference; lastKnownFileType = sourcecode.swift; path = ErrorModel.swift; sourceTree = "<group>"; };
		CCF17A5D286C72AE00D9FE29 /* String+Extension.swift */ = {isa = PBXFileReference; lastKnownFileType = sourcecode.swift; path = "String+Extension.swift"; sourceTree = "<group>"; };
		CCF17A65286C73B800D9FE29 /* StoryBoard+Extension.swift */ = {isa = PBXFileReference; lastKnownFileType = sourcecode.swift; path = "StoryBoard+Extension.swift"; sourceTree = "<group>"; };
		CCF17A6A286C746900D9FE29 /* Constants.swift */ = {isa = PBXFileReference; lastKnownFileType = sourcecode.swift; path = Constants.swift; sourceTree = "<group>"; };
		CCF17A6F286C74A900D9FE29 /* API.swift */ = {isa = PBXFileReference; lastKnownFileType = sourcecode.swift; path = API.swift; sourceTree = "<group>"; };
		CCF17A79286C840C00D9FE29 /* NetworkManager.swift */ = {isa = PBXFileReference; lastKnownFileType = sourcecode.swift; path = NetworkManager.swift; sourceTree = "<group>"; };
		CCF17A7E286C844700D9FE29 /* APIHandler.swift */ = {isa = PBXFileReference; lastKnownFileType = sourcecode.swift; path = APIHandler.swift; sourceTree = "<group>"; };
		CCF17A83286C847500D9FE29 /* ResponseHandler.swift */ = {isa = PBXFileReference; lastKnownFileType = sourcecode.swift; path = ResponseHandler.swift; sourceTree = "<group>"; };
		CCF17A88286C873600D9FE29 /* NewsServiceManager.swift */ = {isa = PBXFileReference; lastKnownFileType = sourcecode.swift; path = NewsServiceManager.swift; sourceTree = "<group>"; };
		CCF17A8D286C8ACE00D9FE29 /* NewsListRequestModel.swift */ = {isa = PBXFileReference; lastKnownFileType = sourcecode.swift; path = NewsListRequestModel.swift; sourceTree = "<group>"; };
		CCF17A92286C8BCF00D9FE29 /* NewsList.swift */ = {isa = PBXFileReference; lastKnownFileType = sourcecode.swift; path = NewsList.swift; sourceTree = "<group>"; };
		CCF17A9D286C8FBA00D9FE29 /* NewsListingViewModel.swift */ = {isa = PBXFileReference; lastKnownFileType = sourcecode.swift; path = NewsListingViewModel.swift; sourceTree = "<group>"; };
		CCF17AA2286C8FFC00D9FE29 /* BaseViewModel.swift */ = {isa = PBXFileReference; lastKnownFileType = sourcecode.swift; path = BaseViewModel.swift; sourceTree = "<group>"; };
		CCF17AB9286C92A800D9FE29 /* NewsListingViewController.swift */ = {isa = PBXFileReference; lastKnownFileType = sourcecode.swift; path = NewsListingViewController.swift; sourceTree = "<group>"; };
		CCF17ABE286C92F200D9FE29 /* Main.storyboard */ = {isa = PBXFileReference; lastKnownFileType = file.storyboard; path = Main.storyboard; sourceTree = "<group>"; };
		CCF17AC7286CA73600D9FE29 /* Bindable.swift */ = {isa = PBXFileReference; lastKnownFileType = sourcecode.swift; path = Bindable.swift; sourceTree = "<group>"; };
		CCF17ACF286CADFE00D9FE29 /* UIViewController+Extension.swift */ = {isa = PBXFileReference; lastKnownFileType = sourcecode.swift; path = "UIViewController+Extension.swift"; sourceTree = "<group>"; };
		CCF17AD4286CB49400D9FE29 /* NewsArticleCell.xib */ = {isa = PBXFileReference; lastKnownFileType = file.xib; path = NewsArticleCell.xib; sourceTree = "<group>"; };
		CCF17AD9286CB4CF00D9FE29 /* NewsArticleCell.swift */ = {isa = PBXFileReference; lastKnownFileType = sourcecode.swift; path = NewsArticleCell.swift; sourceTree = "<group>"; };
		CCF17ADE286CBB1F00D9FE29 /* UIImageView+Extension.swift */ = {isa = PBXFileReference; lastKnownFileType = sourcecode.swift; path = "UIImageView+Extension.swift"; sourceTree = "<group>"; };
		CCF17AE6286CCC3C00D9FE29 /* ArticleDetailViewController.swift */ = {isa = PBXFileReference; lastKnownFileType = sourcecode.swift; path = ArticleDetailViewController.swift; sourceTree = "<group>"; };
		CCF17AEB286CCCCA00D9FE29 /* ArticleDetailViewModel.swift */ = {isa = PBXFileReference; lastKnownFileType = sourcecode.swift; path = ArticleDetailViewModel.swift; sourceTree = "<group>"; };
/* End PBXFileReference section */

/* Begin PBXFrameworksBuildPhase section */
		CCF179E6286C6D6400D9FE29 /* Frameworks */ = {
			isa = PBXFrameworksBuildPhase;
			buildActionMask = 2147483647;
			files = (
			);
			runOnlyForDeploymentPostprocessing = 0;
		};
		CCF179FC286C6D6A00D9FE29 /* Frameworks */ = {
			isa = PBXFrameworksBuildPhase;
			buildActionMask = 2147483647;
			files = (
			);
			runOnlyForDeploymentPostprocessing = 0;
		};
		CCF17A07286C6D6A00D9FE29 /* Frameworks */ = {
			isa = PBXFrameworksBuildPhase;
			buildActionMask = 2147483647;
			files = (
			);
			runOnlyForDeploymentPostprocessing = 0;
		};
/* End PBXFrameworksBuildPhase section */

/* Begin PBXGroup section */
		CC24DDE1286D2E9100B5B2BE /* NetworkManagerTest */ = {
			isa = PBXGroup;
			children = (
				CC24DDF2286D30B800B5B2BE /* NetworkManagerTest.swift */,
				CC24DDEA286D302800B5B2BE /* ResponseHandlerService.swift */,
				CC24DDE5286D2FD600B5B2BE /* APIHandlerService.swift */,
			);
			path = NetworkManagerTest;
			sourceTree = "<group>";
		};
		CC24DDFB286D390E00B5B2BE /* Model */ = {
			isa = PBXGroup;
			children = (
				CC24DDFC286D39A800B5B2BE /* NewsListRequestModelTest.swift */,
				CC24DE12286D3D9200B5B2BE /* NewsListResponseHandlerTest.swift */,
			);
			path = Model;
			sourceTree = "<group>";
		};
		CC24DE1C286D447300B5B2BE /* ViewModelTest */ = {
			isa = PBXGroup;
			children = (
				CC24DE20286D44C300B5B2BE /* NewsListViewModelTest.swift */,
				CC24DE2A286D4A1100B5B2BE /* ArticleDetailViewModelTest.swift */,
				CC24DE25286D451A00B5B2BE /* NewsListServiceManager.swift */,
			);
			path = ViewModelTest;
			sourceTree = "<group>";
		};
		CCF179E0286C6D6400D9FE29 = {
			isa = PBXGroup;
			children = (
				CCF179EB286C6D6400D9FE29 /* New York Times */,
				CCF17A02286C6D6A00D9FE29 /* New York TimesTests */,
				CCF17A0D286C6D6A00D9FE29 /* New York TimesUITests */,
				CCF179EA286C6D6400D9FE29 /* Products */,
			);
			sourceTree = "<group>";
		};
		CCF179EA286C6D6400D9FE29 /* Products */ = {
			isa = PBXGroup;
			children = (
				CCF179E9286C6D6400D9FE29 /* New York Times.app */,
				CCF179FF286C6D6A00D9FE29 /* New York TimesTests.xctest */,
				CCF17A0A286C6D6A00D9FE29 /* New York TimesUITests.xctest */,
			);
			name = Products;
			sourceTree = "<group>";
		};
		CCF179EB286C6D6400D9FE29 /* New York Times */ = {
			isa = PBXGroup;
			children = (
				CCF179EC286C6D6400D9FE29 /* AppDelegate.swift */,
				CCF179EE286C6D6400D9FE29 /* SceneDelegate.swift */,
				CCF17A45286C709200D9FE29 /* NetworkManager */,
				CCF17A37286C6F1B00D9FE29 /* Screens */,
				CCF17A5A286C725100D9FE29 /* Utilities */,
				CCF179F5286C6D6A00D9FE29 /* Assets.xcassets */,
				CCF179F7286C6D6A00D9FE29 /* LaunchScreen.storyboard */,
				CCF179FA286C6D6A00D9FE29 /* Info.plist */,
			);
			path = "New York Times";
			sourceTree = "<group>";
		};
		CCF17A02286C6D6A00D9FE29 /* New York TimesTests */ = {
			isa = PBXGroup;
			children = (
				CC24DDE1286D2E9100B5B2BE /* NetworkManagerTest */,
				CC24DDFB286D390E00B5B2BE /* Model */,
				CC24DE1C286D447300B5B2BE /* ViewModelTest */,
				CC24DE07286D3D1000B5B2BE /* NewsListJsonData.json */,
				CCF17A03286C6D6A00D9FE29 /* New_York_TimesTests.swift */,
				CCF17A05286C6D6A00D9FE29 /* Info.plist */,
			);
			path = "New York TimesTests";
			sourceTree = "<group>";
		};
		CCF17A0D286C6D6A00D9FE29 /* New York TimesUITests */ = {
			isa = PBXGroup;
			children = (
				CCF17A0E286C6D6A00D9FE29 /* New_York_TimesUITests.swift */,
				CCF17A10286C6D6A00D9FE29 /* Info.plist */,
			);
			path = "New York TimesUITests";
			sourceTree = "<group>";
		};
		CCF17A37286C6F1B00D9FE29 /* Screens */ = {
			isa = PBXGroup;
			children = (
				CCF17A41286C6FFB00D9FE29 /* NewsList */,
			);
			path = Screens;
			sourceTree = "<group>";
		};
		CCF17A38286C6F3200D9FE29 /* ViewControllers */ = {
			isa = PBXGroup;
			children = (
				CCF17AB9286C92A800D9FE29 /* NewsListingViewController.swift */,
				CCF17AE6286CCC3C00D9FE29 /* ArticleDetailViewController.swift */,
				CCF17ABE286C92F200D9FE29 /* Main.storyboard */,
			);
			path = ViewControllers;
			sourceTree = "<group>";
		};
		CCF17A3C286C6F6F00D9FE29 /* ViewModel */ = {
			isa = PBXGroup;
			children = (
				CCF17A9D286C8FBA00D9FE29 /* NewsListingViewModel.swift */,
				CCF17AEB286CCCCA00D9FE29 /* ArticleDetailViewModel.swift */,
			);
			path = ViewModel;
			sourceTree = "<group>";
		};
		CCF17A3E286C6F9B00D9FE29 /* Model */ = {
			isa = PBXGroup;
			children = (
				CCF17A78286C765800D9FE29 /* ResponseModel */,
				CCF17A77286C764A00D9FE29 /* RequestModel */,
			);
			path = Model;
			sourceTree = "<group>";
		};
		CCF17A3F286C6FB200D9FE29 /* Views */ = {
			isa = PBXGroup;
			children = (
				CCF17AD9286CB4CF00D9FE29 /* NewsArticleCell.swift */,
				CCF17AD4286CB49400D9FE29 /* NewsArticleCell.xib */,
			);
			path = Views;
			sourceTree = "<group>";
		};
		CCF17A40286C6FD100D9FE29 /* ServiceManager */ = {
			isa = PBXGroup;
			children = (
				CCF17A88286C873600D9FE29 /* NewsServiceManager.swift */,
			);
			path = ServiceManager;
			sourceTree = "<group>";
		};
		CCF17A41286C6FFB00D9FE29 /* NewsList */ = {
			isa = PBXGroup;
			children = (
				CCF17A40286C6FD100D9FE29 /* ServiceManager */,
				CCF17A3E286C6F9B00D9FE29 /* Model */,
				CCF17A3C286C6F6F00D9FE29 /* ViewModel */,
				CCF17A38286C6F3200D9FE29 /* ViewControllers */,
				CCF17A3F286C6FB200D9FE29 /* Views */,
			);
			path = NewsList;
			sourceTree = "<group>";
		};
		CCF17A45286C709200D9FE29 /* NetworkManager */ = {
			isa = PBXGroup;
			children = (
				CCF17A4F286C71B200D9FE29 /* ServiceManager */,
				CCF17A46286C70A300D9FE29 /* Models */,
			);
			path = NetworkManager;
			sourceTree = "<group>";
		};
		CCF17A46286C70A300D9FE29 /* Models */ = {
			isa = PBXGroup;
			children = (
				CCF17A47286C711200D9FE29 /* RequestModel.swift */,
				CCF17A55286C720500D9FE29 /* ErrorModel.swift */,
				CCF17AA2286C8FFC00D9FE29 /* BaseViewModel.swift */,
			);
			path = Models;
			sourceTree = "<group>";
		};
		CCF17A4F286C71B200D9FE29 /* ServiceManager */ = {
			isa = PBXGroup;
			children = (
				CCF17A79286C840C00D9FE29 /* NetworkManager.swift */,
				CCF17A83286C847500D9FE29 /* ResponseHandler.swift */,
				CCF17A7E286C844700D9FE29 /* APIHandler.swift */,
			);
			path = ServiceManager;
			sourceTree = "<group>";
		};
		CCF17A5A286C725100D9FE29 /* Utilities */ = {
			isa = PBXGroup;
			children = (
				CCF17AC6286CA6F900D9FE29 /* Bindable */,
				CCF17A5C286C727B00D9FE29 /* Constants */,
				CCF17A5B286C725E00D9FE29 /* Extensions */,
			);
			path = Utilities;
			sourceTree = "<group>";
		};
		CCF17A5B286C725E00D9FE29 /* Extensions */ = {
			isa = PBXGroup;
			children = (
				CCF17A5D286C72AE00D9FE29 /* String+Extension.swift */,
				CCF17A65286C73B800D9FE29 /* StoryBoard+Extension.swift */,
				CCF17ACF286CADFE00D9FE29 /* UIViewController+Extension.swift */,
				CCF17ADE286CBB1F00D9FE29 /* UIImageView+Extension.swift */,
			);
			path = Extensions;
			sourceTree = "<group>";
		};
		CCF17A5C286C727B00D9FE29 /* Constants */ = {
			isa = PBXGroup;
			children = (
				CCF17A6A286C746900D9FE29 /* Constants.swift */,
				CCF17A6F286C74A900D9FE29 /* API.swift */,
			);
			path = Constants;
			sourceTree = "<group>";
		};
		CCF17A77286C764A00D9FE29 /* RequestModel */ = {
			isa = PBXGroup;
			children = (
				CCF17A8D286C8ACE00D9FE29 /* NewsListRequestModel.swift */,
			);
			path = RequestModel;
			sourceTree = "<group>";
		};
		CCF17A78286C765800D9FE29 /* ResponseModel */ = {
			isa = PBXGroup;
			children = (
				CCF17A92286C8BCF00D9FE29 /* NewsList.swift */,
			);
			path = ResponseModel;
			sourceTree = "<group>";
		};
		CCF17AC6286CA6F900D9FE29 /* Bindable */ = {
			isa = PBXGroup;
			children = (
				CCF17AC7286CA73600D9FE29 /* Bindable.swift */,
			);
			path = Bindable;
			sourceTree = "<group>";
		};
/* End PBXGroup section */

/* Begin PBXNativeTarget section */
		CCF179E8286C6D6400D9FE29 /* New York Times */ = {
			isa = PBXNativeTarget;
			buildConfigurationList = CCF17A13286C6D6A00D9FE29 /* Build configuration list for PBXNativeTarget "New York Times" */;
			buildPhases = (
				CCF179E5286C6D6400D9FE29 /* Sources */,
				CCF179E6286C6D6400D9FE29 /* Frameworks */,
				CCF179E7286C6D6400D9FE29 /* Resources */,
			);
			buildRules = (
			);
			dependencies = (
			);
			name = "New York Times";
			productName = "New York Times";
			productReference = CCF179E9286C6D6400D9FE29 /* New York Times.app */;
			productType = "com.apple.product-type.application";
		};
		CCF179FE286C6D6A00D9FE29 /* New York TimesTests */ = {
			isa = PBXNativeTarget;
			buildConfigurationList = CCF17A16286C6D6A00D9FE29 /* Build configuration list for PBXNativeTarget "New York TimesTests" */;
			buildPhases = (
				CCF179FB286C6D6A00D9FE29 /* Sources */,
				CCF179FC286C6D6A00D9FE29 /* Frameworks */,
				CCF179FD286C6D6A00D9FE29 /* Resources */,
			);
			buildRules = (
			);
			dependencies = (
				CCF17A01286C6D6A00D9FE29 /* PBXTargetDependency */,
			);
			name = "New York TimesTests";
			productName = "New York TimesTests";
			productReference = CCF179FF286C6D6A00D9FE29 /* New York TimesTests.xctest */;
			productType = "com.apple.product-type.bundle.unit-test";
		};
		CCF17A09286C6D6A00D9FE29 /* New York TimesUITests */ = {
			isa = PBXNativeTarget;
			buildConfigurationList = CCF17A19286C6D6A00D9FE29 /* Build configuration list for PBXNativeTarget "New York TimesUITests" */;
			buildPhases = (
				CCF17A06286C6D6A00D9FE29 /* Sources */,
				CCF17A07286C6D6A00D9FE29 /* Frameworks */,
				CCF17A08286C6D6A00D9FE29 /* Resources */,
			);
			buildRules = (
			);
			dependencies = (
				CCF17A0C286C6D6A00D9FE29 /* PBXTargetDependency */,
			);
			name = "New York TimesUITests";
			productName = "New York TimesUITests";
			productReference = CCF17A0A286C6D6A00D9FE29 /* New York TimesUITests.xctest */;
			productType = "com.apple.product-type.bundle.ui-testing";
		};
/* End PBXNativeTarget section */

/* Begin PBXProject section */
		CCF179E1286C6D6400D9FE29 /* Project object */ = {
			isa = PBXProject;
			attributes = {
				LastSwiftUpdateCheck = 1230;
				LastUpgradeCheck = 1230;
				TargetAttributes = {
					CCF179E8286C6D6400D9FE29 = {
						CreatedOnToolsVersion = 12.3;
					};
					CCF179FE286C6D6A00D9FE29 = {
						CreatedOnToolsVersion = 12.3;
						TestTargetID = CCF179E8286C6D6400D9FE29;
					};
					CCF17A09286C6D6A00D9FE29 = {
						CreatedOnToolsVersion = 12.3;
						TestTargetID = CCF179E8286C6D6400D9FE29;
					};
				};
			};
			buildConfigurationList = CCF179E4286C6D6400D9FE29 /* Build configuration list for PBXProject "New York Times" */;
			compatibilityVersion = "Xcode 9.3";
			developmentRegion = en;
			hasScannedForEncodings = 0;
			knownRegions = (
				en,
				Base,
			);
			mainGroup = CCF179E0286C6D6400D9FE29;
			productRefGroup = CCF179EA286C6D6400D9FE29 /* Products */;
			projectDirPath = "";
			projectRoot = "";
			targets = (
				CCF179E8286C6D6400D9FE29 /* New York Times */,
				CCF179FE286C6D6A00D9FE29 /* New York TimesTests */,
				CCF17A09286C6D6A00D9FE29 /* New York TimesUITests */,
			);
		};
/* End PBXProject section */

/* Begin PBXResourcesBuildPhase section */
		CCF179E7286C6D6400D9FE29 /* Resources */ = {
			isa = PBXResourcesBuildPhase;
			buildActionMask = 2147483647;
			files = (
				CCF17ABF286C92F200D9FE29 /* Main.storyboard in Resources */,
				CCF17AD5286CB49400D9FE29 /* NewsArticleCell.xib in Resources */,
				CCF179F9286C6D6A00D9FE29 /* LaunchScreen.storyboard in Resources */,
				CCF179F6286C6D6A00D9FE29 /* Assets.xcassets in Resources */,
			);
			runOnlyForDeploymentPostprocessing = 0;
		};
		CCF179FD286C6D6A00D9FE29 /* Resources */ = {
			isa = PBXResourcesBuildPhase;
			buildActionMask = 2147483647;
			files = (
				CC24DE08286D3D1000B5B2BE /* NewsListJsonData.json in Resources */,
			);
			runOnlyForDeploymentPostprocessing = 0;
		};
		CCF17A08286C6D6A00D9FE29 /* Resources */ = {
			isa = PBXResourcesBuildPhase;
			buildActionMask = 2147483647;
			files = (
			);
			runOnlyForDeploymentPostprocessing = 0;
		};
/* End PBXResourcesBuildPhase section */

/* Begin PBXSourcesBuildPhase section */
		CCF179E5286C6D6400D9FE29 /* Sources */ = {
			isa = PBXSourcesBuildPhase;
			buildActionMask = 2147483647;
			files = (
				CCF17A56286C720500D9FE29 /* ErrorModel.swift in Sources */,
				CCF17A5E286C72AE00D9FE29 /* String+Extension.swift in Sources */,
				CCF17AA3286C8FFC00D9FE29 /* BaseViewModel.swift in Sources */,
				CCF17A93286C8BCF00D9FE29 /* NewsList.swift in Sources */,
				CCF17A84286C847500D9FE29 /* ResponseHandler.swift in Sources */,
				CCF17A7F286C844700D9FE29 /* APIHandler.swift in Sources */,
				CCF179ED286C6D6400D9FE29 /* AppDelegate.swift in Sources */,
				CCF17A7A286C840C00D9FE29 /* NetworkManager.swift in Sources */,
				CCF17AD0286CADFE00D9FE29 /* UIViewController+Extension.swift in Sources */,
				CCF17ADF286CBB1F00D9FE29 /* UIImageView+Extension.swift in Sources */,
				CCF17AE7286CCC3C00D9FE29 /* ArticleDetailViewController.swift in Sources */,
				CCF17AC8286CA73600D9FE29 /* Bindable.swift in Sources */,
				CCF17A9E286C8FBA00D9FE29 /* NewsListingViewModel.swift in Sources */,
				CCF17A70286C74A900D9FE29 /* API.swift in Sources */,
				CCF17ABA286C92A800D9FE29 /* NewsListingViewController.swift in Sources */,
				CCF17A89286C873600D9FE29 /* NewsServiceManager.swift in Sources */,
				CCF179EF286C6D6400D9FE29 /* SceneDelegate.swift in Sources */,
				CCF17A48286C711300D9FE29 /* RequestModel.swift in Sources */,
				CCF17A66286C73B800D9FE29 /* StoryBoard+Extension.swift in Sources */,
				CCF17ADA286CB4CF00D9FE29 /* NewsArticleCell.swift in Sources */,
				CCF17AEC286CCCCA00D9FE29 /* ArticleDetailViewModel.swift in Sources */,
				CCF17A8E286C8ACE00D9FE29 /* NewsListRequestModel.swift in Sources */,
				CCF17A6B286C746900D9FE29 /* Constants.swift in Sources */,
			);
			runOnlyForDeploymentPostprocessing = 0;
		};
		CCF179FB286C6D6A00D9FE29 /* Sources */ = {
			isa = PBXSourcesBuildPhase;
			buildActionMask = 2147483647;
			files = (
				CC24DE13286D3D9200B5B2BE /* NewsListResponseHandlerTest.swift in Sources */,
				CC24DDF3286D30B800B5B2BE /* NetworkManagerTest.swift in Sources */,
				CC24DDE6286D2FD600B5B2BE /* APIHandlerService.swift in Sources */,
				CC24DE21286D44C300B5B2BE /* NewsListViewModelTest.swift in Sources */,
				CC24DE26286D451A00B5B2BE /* NewsListServiceManager.swift in Sources */,
				CC24DE2B286D4A1100B5B2BE /* ArticleDetailViewModelTest.swift in Sources */,
				CC24DDFD286D39A800B5B2BE /* NewsListRequestModelTest.swift in Sources */,
				CC24DDEB286D302800B5B2BE /* ResponseHandlerService.swift in Sources */,
				CCF17A04286C6D6A00D9FE29 /* New_York_TimesTests.swift in Sources */,
			);
			runOnlyForDeploymentPostprocessing = 0;
		};
		CCF17A06286C6D6A00D9FE29 /* Sources */ = {
			isa = PBXSourcesBuildPhase;
			buildActionMask = 2147483647;
			files = (
				CCF17A0F286C6D6A00D9FE29 /* New_York_TimesUITests.swift in Sources */,
			);
			runOnlyForDeploymentPostprocessing = 0;
		};
/* End PBXSourcesBuildPhase section */

/* Begin PBXTargetDependency section */
		CCF17A01286C6D6A00D9FE29 /* PBXTargetDependency */ = {
			isa = PBXTargetDependency;
			target = CCF179E8286C6D6400D9FE29 /* New York Times */;
			targetProxy = CCF17A00286C6D6A00D9FE29 /* PBXContainerItemProxy */;
		};
		CCF17A0C286C6D6A00D9FE29 /* PBXTargetDependency */ = {
			isa = PBXTargetDependency;
			target = CCF179E8286C6D6400D9FE29 /* New York Times */;
			targetProxy = CCF17A0B286C6D6A00D9FE29 /* PBXContainerItemProxy */;
		};
/* End PBXTargetDependency section */

/* Begin PBXVariantGroup section */
		CCF179F7286C6D6A00D9FE29 /* LaunchScreen.storyboard */ = {
			isa = PBXVariantGroup;
			children = (
				CCF179F8286C6D6A00D9FE29 /* Base */,
			);
			name = LaunchScreen.storyboard;
			sourceTree = "<group>";
		};
/* End PBXVariantGroup section */

/* Begin XCBuildConfiguration section */
		CCF17A11286C6D6A00D9FE29 /* Debug */ = {
			isa = XCBuildConfiguration;
			buildSettings = {
				ALWAYS_SEARCH_USER_PATHS = NO;
				CLANG_ANALYZER_NONNULL = YES;
				CLANG_ANALYZER_NUMBER_OBJECT_CONVERSION = YES_AGGRESSIVE;
				CLANG_CXX_LANGUAGE_STANDARD = "gnu++14";
				CLANG_CXX_LIBRARY = "libc++";
				CLANG_ENABLE_MODULES = YES;
				CLANG_ENABLE_OBJC_ARC = YES;
				CLANG_ENABLE_OBJC_WEAK = YES;
				CLANG_WARN_BLOCK_CAPTURE_AUTORELEASING = YES;
				CLANG_WARN_BOOL_CONVERSION = YES;
				CLANG_WARN_COMMA = YES;
				CLANG_WARN_CONSTANT_CONVERSION = YES;
				CLANG_WARN_DEPRECATED_OBJC_IMPLEMENTATIONS = YES;
				CLANG_WARN_DIRECT_OBJC_ISA_USAGE = YES_ERROR;
				CLANG_WARN_DOCUMENTATION_COMMENTS = YES;
				CLANG_WARN_EMPTY_BODY = YES;
				CLANG_WARN_ENUM_CONVERSION = YES;
				CLANG_WARN_INFINITE_RECURSION = YES;
				CLANG_WARN_INT_CONVERSION = YES;
				CLANG_WARN_NON_LITERAL_NULL_CONVERSION = YES;
				CLANG_WARN_OBJC_IMPLICIT_RETAIN_SELF = YES;
				CLANG_WARN_OBJC_LITERAL_CONVERSION = YES;
				CLANG_WARN_OBJC_ROOT_CLASS = YES_ERROR;
				CLANG_WARN_QUOTED_INCLUDE_IN_FRAMEWORK_HEADER = YES;
				CLANG_WARN_RANGE_LOOP_ANALYSIS = YES;
				CLANG_WARN_STRICT_PROTOTYPES = YES;
				CLANG_WARN_SUSPICIOUS_MOVE = YES;
				CLANG_WARN_UNGUARDED_AVAILABILITY = YES_AGGRESSIVE;
				CLANG_WARN_UNREACHABLE_CODE = YES;
				CLANG_WARN__DUPLICATE_METHOD_MATCH = YES;
				COPY_PHASE_STRIP = NO;
				DEBUG_INFORMATION_FORMAT = dwarf;
				ENABLE_STRICT_OBJC_MSGSEND = YES;
				ENABLE_TESTABILITY = YES;
				GCC_C_LANGUAGE_STANDARD = gnu11;
				GCC_DYNAMIC_NO_PIC = NO;
				GCC_NO_COMMON_BLOCKS = YES;
				GCC_OPTIMIZATION_LEVEL = 0;
				GCC_PREPROCESSOR_DEFINITIONS = (
					"DEBUG=1",
					"$(inherited)",
				);
				GCC_WARN_64_TO_32_BIT_CONVERSION = YES;
				GCC_WARN_ABOUT_RETURN_TYPE = YES_ERROR;
				GCC_WARN_UNDECLARED_SELECTOR = YES;
				GCC_WARN_UNINITIALIZED_AUTOS = YES_AGGRESSIVE;
				GCC_WARN_UNUSED_FUNCTION = YES;
				GCC_WARN_UNUSED_VARIABLE = YES;
				IPHONEOS_DEPLOYMENT_TARGET = 14.3;
				MTL_ENABLE_DEBUG_INFO = INCLUDE_SOURCE;
				MTL_FAST_MATH = YES;
				ONLY_ACTIVE_ARCH = YES;
				SDKROOT = iphoneos;
				SWIFT_ACTIVE_COMPILATION_CONDITIONS = DEBUG;
				SWIFT_OPTIMIZATION_LEVEL = "-Onone";
			};
			name = Debug;
		};
		CCF17A12286C6D6A00D9FE29 /* Release */ = {
			isa = XCBuildConfiguration;
			buildSettings = {
				ALWAYS_SEARCH_USER_PATHS = NO;
				CLANG_ANALYZER_NONNULL = YES;
				CLANG_ANALYZER_NUMBER_OBJECT_CONVERSION = YES_AGGRESSIVE;
				CLANG_CXX_LANGUAGE_STANDARD = "gnu++14";
				CLANG_CXX_LIBRARY = "libc++";
				CLANG_ENABLE_MODULES = YES;
				CLANG_ENABLE_OBJC_ARC = YES;
				CLANG_ENABLE_OBJC_WEAK = YES;
				CLANG_WARN_BLOCK_CAPTURE_AUTORELEASING = YES;
				CLANG_WARN_BOOL_CONVERSION = YES;
				CLANG_WARN_COMMA = YES;
				CLANG_WARN_CONSTANT_CONVERSION = YES;
				CLANG_WARN_DEPRECATED_OBJC_IMPLEMENTATIONS = YES;
				CLANG_WARN_DIRECT_OBJC_ISA_USAGE = YES_ERROR;
				CLANG_WARN_DOCUMENTATION_COMMENTS = YES;
				CLANG_WARN_EMPTY_BODY = YES;
				CLANG_WARN_ENUM_CONVERSION = YES;
				CLANG_WARN_INFINITE_RECURSION = YES;
				CLANG_WARN_INT_CONVERSION = YES;
				CLANG_WARN_NON_LITERAL_NULL_CONVERSION = YES;
				CLANG_WARN_OBJC_IMPLICIT_RETAIN_SELF = YES;
				CLANG_WARN_OBJC_LITERAL_CONVERSION = YES;
				CLANG_WARN_OBJC_ROOT_CLASS = YES_ERROR;
				CLANG_WARN_QUOTED_INCLUDE_IN_FRAMEWORK_HEADER = YES;
				CLANG_WARN_RANGE_LOOP_ANALYSIS = YES;
				CLANG_WARN_STRICT_PROTOTYPES = YES;
				CLANG_WARN_SUSPICIOUS_MOVE = YES;
				CLANG_WARN_UNGUARDED_AVAILABILITY = YES_AGGRESSIVE;
				CLANG_WARN_UNREACHABLE_CODE = YES;
				CLANG_WARN__DUPLICATE_METHOD_MATCH = YES;
				COPY_PHASE_STRIP = NO;
				DEBUG_INFORMATION_FORMAT = "dwarf-with-dsym";
				ENABLE_NS_ASSERTIONS = NO;
				ENABLE_STRICT_OBJC_MSGSEND = YES;
				GCC_C_LANGUAGE_STANDARD = gnu11;
				GCC_NO_COMMON_BLOCKS = YES;
				GCC_WARN_64_TO_32_BIT_CONVERSION = YES;
				GCC_WARN_ABOUT_RETURN_TYPE = YES_ERROR;
				GCC_WARN_UNDECLARED_SELECTOR = YES;
				GCC_WARN_UNINITIALIZED_AUTOS = YES_AGGRESSIVE;
				GCC_WARN_UNUSED_FUNCTION = YES;
				GCC_WARN_UNUSED_VARIABLE = YES;
				IPHONEOS_DEPLOYMENT_TARGET = 14.3;
				MTL_ENABLE_DEBUG_INFO = NO;
				MTL_FAST_MATH = YES;
				SDKROOT = iphoneos;
				SWIFT_COMPILATION_MODE = wholemodule;
				SWIFT_OPTIMIZATION_LEVEL = "-O";
				VALIDATE_PRODUCT = YES;
			};
			name = Release;
		};
		CCF17A14286C6D6A00D9FE29 /* Debug */ = {
			isa = XCBuildConfiguration;
			buildSettings = {
				ASSETCATALOG_COMPILER_APPICON_NAME = AppIcon;
				ASSETCATALOG_COMPILER_GLOBAL_ACCENT_COLOR_NAME = AccentColor;
				CODE_SIGN_STYLE = Automatic;
				INFOPLIST_FILE = "New York Times/Info.plist";
				LD_RUNPATH_SEARCH_PATHS = (
					"$(inherited)",
					"@executable_path/Frameworks",
				);
				PRODUCT_BUNDLE_IDENTIFIER = "com.ashrith.com.New-York-Times";
				PRODUCT_NAME = "$(TARGET_NAME)";
				SWIFT_VERSION = 5.0;
				TARGETED_DEVICE_FAMILY = "1,2";
			};
			name = Debug;
		};
		CCF17A15286C6D6A00D9FE29 /* Release */ = {
			isa = XCBuildConfiguration;
			buildSettings = {
				ASSETCATALOG_COMPILER_APPICON_NAME = AppIcon;
				ASSETCATALOG_COMPILER_GLOBAL_ACCENT_COLOR_NAME = AccentColor;
				CODE_SIGN_STYLE = Automatic;
				INFOPLIST_FILE = "New York Times/Info.plist";
				LD_RUNPATH_SEARCH_PATHS = (
					"$(inherited)",
					"@executable_path/Frameworks",
				);
				PRODUCT_BUNDLE_IDENTIFIER = "com.ashrith.com.New-York-Times";
				PRODUCT_NAME = "$(TARGET_NAME)";
				SWIFT_VERSION = 5.0;
				TARGETED_DEVICE_FAMILY = "1,2";
			};
			name = Release;
		};
		CCF17A17286C6D6A00D9FE29 /* Debug */ = {
			isa = XCBuildConfiguration;
			buildSettings = {
				ALWAYS_EMBED_SWIFT_STANDARD_LIBRARIES = YES;
				BUNDLE_LOADER = "$(TEST_HOST)";
				CODE_SIGN_STYLE = Automatic;
				INFOPLIST_FILE = "New York TimesTests/Info.plist";
				IPHONEOS_DEPLOYMENT_TARGET = 14.3;
				LD_RUNPATH_SEARCH_PATHS = (
					"$(inherited)",
					"@executable_path/Frameworks",
					"@loader_path/Frameworks",
				);
				PRODUCT_BUNDLE_IDENTIFIER = "com.ashrith.com.New-York-TimesTests";
				PRODUCT_NAME = "$(TARGET_NAME)";
				SWIFT_VERSION = 5.0;
				TARGETED_DEVICE_FAMILY = "1,2";
				TEST_HOST = "$(BUILT_PRODUCTS_DIR)/New York Times.app/New York Times";
			};
			name = Debug;
		};
		CCF17A18286C6D6A00D9FE29 /* Release */ = {
			isa = XCBuildConfiguration;
			buildSettings = {
				ALWAYS_EMBED_SWIFT_STANDARD_LIBRARIES = YES;
				BUNDLE_LOADER = "$(TEST_HOST)";
				CODE_SIGN_STYLE = Automatic;
				INFOPLIST_FILE = "New York TimesTests/Info.plist";
				IPHONEOS_DEPLOYMENT_TARGET = 14.3;
				LD_RUNPATH_SEARCH_PATHS = (
					"$(inherited)",
					"@executable_path/Frameworks",
					"@loader_path/Frameworks",
				);
				PRODUCT_BUNDLE_IDENTIFIER = "com.ashrith.com.New-York-TimesTests";
				PRODUCT_NAME = "$(TARGET_NAME)";
				SWIFT_VERSION = 5.0;
				TARGETED_DEVICE_FAMILY = "1,2";
				TEST_HOST = "$(BUILT_PRODUCTS_DIR)/New York Times.app/New York Times";
			};
			name = Release;
		};
		CCF17A1A286C6D6A00D9FE29 /* Debug */ = {
			isa = XCBuildConfiguration;
			buildSettings = {
				ALWAYS_EMBED_SWIFT_STANDARD_LIBRARIES = YES;
				CODE_SIGN_STYLE = Automatic;
				INFOPLIST_FILE = "New York TimesUITests/Info.plist";
				LD_RUNPATH_SEARCH_PATHS = (
					"$(inherited)",
					"@executable_path/Frameworks",
					"@loader_path/Frameworks",
				);
				PRODUCT_BUNDLE_IDENTIFIER = "com.ashrith.com.New-York-TimesUITests";
				PRODUCT_NAME = "$(TARGET_NAME)";
				SWIFT_VERSION = 5.0;
				TARGETED_DEVICE_FAMILY = "1,2";
				TEST_TARGET_NAME = "New York Times";
			};
			name = Debug;
		};
		CCF17A1B286C6D6A00D9FE29 /* Release */ = {
			isa = XCBuildConfiguration;
			buildSettings = {
				ALWAYS_EMBED_SWIFT_STANDARD_LIBRARIES = YES;
				CODE_SIGN_STYLE = Automatic;
				INFOPLIST_FILE = "New York TimesUITests/Info.plist";
				LD_RUNPATH_SEARCH_PATHS = (
					"$(inherited)",
					"@executable_path/Frameworks",
					"@loader_path/Frameworks",
				);
				PRODUCT_BUNDLE_IDENTIFIER = "com.ashrith.com.New-York-TimesUITests";
				PRODUCT_NAME = "$(TARGET_NAME)";
				SWIFT_VERSION = 5.0;
				TARGETED_DEVICE_FAMILY = "1,2";
				TEST_TARGET_NAME = "New York Times";
			};
			name = Release;
		};
/* End XCBuildConfiguration section */

/* Begin XCConfigurationList section */
		CCF179E4286C6D6400D9FE29 /* Build configuration list for PBXProject "New York Times" */ = {
			isa = XCConfigurationList;
			buildConfigurations = (
				CCF17A11286C6D6A00D9FE29 /* Debug */,
				CCF17A12286C6D6A00D9FE29 /* Release */,
			);
			defaultConfigurationIsVisible = 0;
			defaultConfigurationName = Release;
		};
		CCF17A13286C6D6A00D9FE29 /* Build configuration list for PBXNativeTarget "New York Times" */ = {
			isa = XCConfigurationList;
			buildConfigurations = (
				CCF17A14286C6D6A00D9FE29 /* Debug */,
				CCF17A15286C6D6A00D9FE29 /* Release */,
			);
			defaultConfigurationIsVisible = 0;
			defaultConfigurationName = Release;
		};
		CCF17A16286C6D6A00D9FE29 /* Build configuration list for PBXNativeTarget "New York TimesTests" */ = {
			isa = XCConfigurationList;
			buildConfigurations = (
				CCF17A17286C6D6A00D9FE29 /* Debug */,
				CCF17A18286C6D6A00D9FE29 /* Release */,
			);
			defaultConfigurationIsVisible = 0;
			defaultConfigurationName = Release;
		};
		CCF17A19286C6D6A00D9FE29 /* Build configuration list for PBXNativeTarget "New York TimesUITests" */ = {
			isa = XCConfigurationList;
			buildConfigurations = (
				CCF17A1A286C6D6A00D9FE29 /* Debug */,
				CCF17A1B286C6D6A00D9FE29 /* Release */,
			);
			defaultConfigurationIsVisible = 0;
			defaultConfigurationName = Release;
		};
/* End XCConfigurationList section */
	};
	rootObject = CCF179E1286C6D6400D9FE29 /* Project object */;
}
